PODS:
  - LCRouter (0.0.2):
    - LCRouter/Router (= 0.0.2)
  - LCRouter/Router (0.0.2)

DEPENDENCIES:
  - LCRouter (from `../`)

EXTERNAL SOURCES:
  LCRouter:
    :path: "../"

SPEC CHECKSUMS:
  LCRouter: fee4965d0cc62ea1981ecf60e6d00c4152395fd6

PODFILE CHECKSUM: 4ad9075c38bb9b3da869520423670983066f9da3

COCOAPODS: 1.9.3
